
Microsoft Visual Studio Solution File, Format Version 12.00
# Visual Studio Version 17
VisualStudioVersion = 17.9.34622.214
MinimumVisualStudioVersion = 10.0.40219.1
Project("{9A19103F-16F7-4668-BE54-9A1E7A4F7556}") = "AGSR.Patients", "AGSR.Patients\AGSR.Patients.csproj", "{14C00FB1-FF79-4020-9AFE-7A07F51B2DAD}"
EndProject
Project("{9A19103F-16F7-4668-BE54-9A1E7A4F7556}") = "AGSR.Patients.Domain", "AGSR.Patients.Domain\AGSR.Patients.Domain.csproj", "{1667E433-4103-4844-BE63-BE89E14C08E8}"
EndProject
Project("{2150E333-8FDC-42A3-9474-1A3956D46DE8}") = "Solution Items", "Solution Items", "{3AC80A05-FC72-446A-B5B7-5BD596356621}"
	ProjectSection(SolutionItems) = preProject
		.dockerignore = .dockerignore
		docker-compose.yml = docker-compose.yml
		..\README.md = ..\README.md
	EndProjectSection
EndProject
Global
	GlobalSection(SolutionConfigurationPlatforms) = preSolution
		Debug|Any CPU = Debug|Any CPU
		Release|Any CPU = Release|Any CPU
	EndGlobalSection
	GlobalSection(ProjectConfigurationPlatforms) = postSolution
		{14C00FB1-FF79-4020-9AFE-7A07F51B2DAD}.Debug|Any CPU.ActiveCfg = Debug|Any CPU
		{14C00FB1-FF79-4020-9AFE-7A07F51B2DAD}.Debug|Any CPU.Build.0 = Debug|Any CPU
		{14C00FB1-FF79-4020-9AFE-7A07F51B2DAD}.Release|Any CPU.ActiveCfg = Release|Any CPU
		{14C00FB1-FF79-4020-9AFE-7A07F51B2DAD}.Release|Any CPU.Build.0 = Release|Any CPU
		{1667E433-4103-4844-BE63-BE89E14C08E8}.Debug|Any CPU.ActiveCfg = Debug|Any CPU
		{1667E433-4103-4844-BE63-BE89E14C08E8}.Debug|Any CPU.Build.0 = Debug|Any CPU
		{1667E433-4103-4844-BE63-BE89E14C08E8}.Release|Any CPU.ActiveCfg = Release|Any CPU
		{1667E433-4103-4844-BE63-BE89E14C08E8}.Release|Any CPU.Build.0 = Release|Any CPU
	EndGlobalSection
	GlobalSection(SolutionProperties) = preSolution
		HideSolutionNode = FALSE
	EndGlobalSection
	GlobalSection(ExtensibilityGlobals) = postSolution
		SolutionGuid = {3E1106B8-41A2-439E-BB92-507F3E4AC376}
	EndGlobalSection
EndGlobal
