
Microsoft Visual Studio Solution File, Format Version 12.00
# Visual Studio Version 17
VisualStudioVersion = 17.9.34622.214
MinimumVisualStudioVersion = 10.0.40219.1
Project("{FAE04EC0-301F-11D3-BF4B-00C04F79EFBC}") = "AGSR.Patients", "AGSR.Patients\AGSR.Patients.csproj", "{14C00FB1-FF79-4020-9AFE-7A07F51B2DAD}"
EndProject
Global
	GlobalSection(SolutionConfigurationPlatforms) = preSolution
		Debug|Any CPU = Debug|Any CPU
		Release|Any CPU = Release|Any CPU
	EndGlobalSection
	GlobalSection(ProjectConfigurationPlatforms) = postSolution
		{14C00FB1-FF79-4020-9AFE-7A07F51B2DAD}.Debug|Any CPU.ActiveCfg = Debug|Any CPU
		{14C00FB1-FF79-4020-9AFE-7A07F51B2DAD}.Debug|Any CPU.Build.0 = Debug|Any CPU
		{14C00FB1-FF79-4020-9AFE-7A07F51B2DAD}.Release|Any CPU.ActiveCfg = Release|Any CPU
		{14C00FB1-FF79-4020-9AFE-7A07F51B2DAD}.Release|Any CPU.Build.0 = Release|Any CPU
	EndGlobalSection
	GlobalSection(SolutionProperties) = preSolution
		HideSolutionNode = FALSE
	EndGlobalSection
	GlobalSection(ExtensibilityGlobals) = postSolution
		SolutionGuid = {3E1106B8-41A2-439E-BB92-507F3E4AC376}
	EndGlobalSection
EndGlobal
